// !$*UTF8*$!
{
	archiveVersion = 1;
	classes = {
	};
	objectVersion = 55;
	objects = {

/* Begin PBXBuildFile section */
		3C6F4DD0ECE860EFAF297845 /* Pods_Meditation.framework in Frameworks */ = {isa = PBXBuildFile; fileRef = 7CEE0FCE9EB88EC14706D379 /* Pods_Meditation.framework */; };
		CE6516F926F8550B009B4D6B /* AppDelegate.swift in Sources */ = {isa = PBXBuildFile; fileRef = CE6516F826F8550B009B4D6B /* AppDelegate.swift */; };
		CE65170226F8550D009B4D6B /* Assets.xcassets in Resources */ = {isa = PBXBuildFile; fileRef = CE65170126F8550D009B4D6B /* Assets.xcassets */; };
		CE65170526F8550D009B4D6B /* LaunchScreen.storyboard in Resources */ = {isa = PBXBuildFile; fileRef = CE65170326F8550D009B4D6B /* LaunchScreen.storyboard */; };
		CE65170D26F857DC009B4D6B /* GoogleService-Info.plist in Resources */ = {isa = PBXBuildFile; fileRef = CE65170C26F857DC009B4D6B /* GoogleService-Info.plist */; };
		CE65171826F86251009B4D6B /* RootNavigationViewController.swift in Sources */ = {isa = PBXBuildFile; fileRef = CE65171726F86251009B4D6B /* RootNavigationViewController.swift */; };
		CE65171B26F862D1009B4D6B /* UIViewControllerExtension.swift in Sources */ = {isa = PBXBuildFile; fileRef = CE65171A26F862D1009B4D6B /* UIViewControllerExtension.swift */; };
		CE65171D26F862EB009B4D6B /* UIViewExtension.swift in Sources */ = {isa = PBXBuildFile; fileRef = CE65171C26F862EB009B4D6B /* UIViewExtension.swift */; };
		CE65171F26F863F4009B4D6B /* TabBarViewController.swift in Sources */ = {isa = PBXBuildFile; fileRef = CE65171E26F863F4009B4D6B /* TabBarViewController.swift */; };
		CE65172126F863FF009B4D6B /* TabBar.storyboard in Resources */ = {isa = PBXBuildFile; fileRef = CE65172026F863FF009B4D6B /* TabBar.storyboard */; };
		CE65172426F86763009B4D6B /* WelcomeViewController.swift in Sources */ = {isa = PBXBuildFile; fileRef = CE65172326F86763009B4D6B /* WelcomeViewController.swift */; };
		CE65172626F8676B009B4D6B /* Welcome.storyboard in Resources */ = {isa = PBXBuildFile; fileRef = CE65172526F8676B009B4D6B /* Welcome.storyboard */; };
		CE65174326F894E9009B4D6B /* AlegreyaSans-Black.ttf in Resources */ = {isa = PBXBuildFile; fileRef = CE65173526F894E8009B4D6B /* AlegreyaSans-Black.ttf */; };
		CE65174426F894E9009B4D6B /* AlegreyaSans-ThinItalic.ttf in Resources */ = {isa = PBXBuildFile; fileRef = CE65173626F894E8009B4D6B /* AlegreyaSans-ThinItalic.ttf */; };
		CE65174526F894E9009B4D6B /* AlegreyaSans-BoldItalic.ttf in Resources */ = {isa = PBXBuildFile; fileRef = CE65173726F894E9009B4D6B /* AlegreyaSans-BoldItalic.ttf */; };
		CE65174626F894E9009B4D6B /* AlegreyaSans-Medium.ttf in Resources */ = {isa = PBXBuildFile; fileRef = CE65173826F894E9009B4D6B /* AlegreyaSans-Medium.ttf */; };
		CE65174726F894E9009B4D6B /* AlegreyaSans-MediumItalic.ttf in Resources */ = {isa = PBXBuildFile; fileRef = CE65173926F894E9009B4D6B /* AlegreyaSans-MediumItalic.ttf */; };
		CE65174826F894E9009B4D6B /* AlegreyaSans-BlackItalic.ttf in Resources */ = {isa = PBXBuildFile; fileRef = CE65173A26F894E9009B4D6B /* AlegreyaSans-BlackItalic.ttf */; };
		CE65174926F894E9009B4D6B /* AlegreyaSans-Italic.ttf in Resources */ = {isa = PBXBuildFile; fileRef = CE65173B26F894E9009B4D6B /* AlegreyaSans-Italic.ttf */; };
		CE65174A26F894E9009B4D6B /* AlegreyaSans-ExtraBoldItalic.ttf in Resources */ = {isa = PBXBuildFile; fileRef = CE65173C26F894E9009B4D6B /* AlegreyaSans-ExtraBoldItalic.ttf */; };
		CE65174B26F894E9009B4D6B /* AlegreyaSans-ExtraBold.ttf in Resources */ = {isa = PBXBuildFile; fileRef = CE65173D26F894E9009B4D6B /* AlegreyaSans-ExtraBold.ttf */; };
		CE65174C26F894E9009B4D6B /* AlegreyaSans-LightItalic.ttf in Resources */ = {isa = PBXBuildFile; fileRef = CE65173E26F894E9009B4D6B /* AlegreyaSans-LightItalic.ttf */; };
		CE65174D26F894E9009B4D6B /* AlegreyaSans-Regular.ttf in Resources */ = {isa = PBXBuildFile; fileRef = CE65173F26F894E9009B4D6B /* AlegreyaSans-Regular.ttf */; };
		CE65174E26F894E9009B4D6B /* AlegreyaSans-Bold.ttf in Resources */ = {isa = PBXBuildFile; fileRef = CE65174026F894E9009B4D6B /* AlegreyaSans-Bold.ttf */; };
		CE65174F26F894E9009B4D6B /* AlegreyaSans-Light.ttf in Resources */ = {isa = PBXBuildFile; fileRef = CE65174126F894E9009B4D6B /* AlegreyaSans-Light.ttf */; };
		CE65175026F894E9009B4D6B /* AlegreyaSans-Thin.ttf in Resources */ = {isa = PBXBuildFile; fileRef = CE65174226F894E9009B4D6B /* AlegreyaSans-Thin.ttf */; };
		CE65175E26F8950D009B4D6B /* Alegreya-ExtraBoldItalic.ttf in Resources */ = {isa = PBXBuildFile; fileRef = CE65175226F8950C009B4D6B /* Alegreya-ExtraBoldItalic.ttf */; };
		CE65175F26F8950D009B4D6B /* Alegreya-ExtraBold.ttf in Resources */ = {isa = PBXBuildFile; fileRef = CE65175326F8950C009B4D6B /* Alegreya-ExtraBold.ttf */; };
		CE65176026F8950D009B4D6B /* Alegreya-Black.ttf in Resources */ = {isa = PBXBuildFile; fileRef = CE65175426F8950C009B4D6B /* Alegreya-Black.ttf */; };
		CE65176126F8950D009B4D6B /* Alegreya-Medium.ttf in Resources */ = {isa = PBXBuildFile; fileRef = CE65175526F8950C009B4D6B /* Alegreya-Medium.ttf */; };
		CE65176226F8950D009B4D6B /* Alegreya-Regular.ttf in Resources */ = {isa = PBXBuildFile; fileRef = CE65175626F8950C009B4D6B /* Alegreya-Regular.ttf */; };
		CE65176326F8950D009B4D6B /* Alegreya-Italic.ttf in Resources */ = {isa = PBXBuildFile; fileRef = CE65175726F8950C009B4D6B /* Alegreya-Italic.ttf */; };
		CE65176426F8950D009B4D6B /* Alegreya-SemiBold.ttf in Resources */ = {isa = PBXBuildFile; fileRef = CE65175826F8950D009B4D6B /* Alegreya-SemiBold.ttf */; };
		CE65176526F8950D009B4D6B /* Alegreya-SemiBoldItalic.ttf in Resources */ = {isa = PBXBuildFile; fileRef = CE65175926F8950D009B4D6B /* Alegreya-SemiBoldItalic.ttf */; };
		CE65176626F8950D009B4D6B /* Alegreya-BlackItalic.ttf in Resources */ = {isa = PBXBuildFile; fileRef = CE65175A26F8950D009B4D6B /* Alegreya-BlackItalic.ttf */; };
		CE65176726F8950D009B4D6B /* Alegreya-Bold.ttf in Resources */ = {isa = PBXBuildFile; fileRef = CE65175B26F8950D009B4D6B /* Alegreya-Bold.ttf */; };
		CE65176826F8950D009B4D6B /* Alegreya-MediumItalic.ttf in Resources */ = {isa = PBXBuildFile; fileRef = CE65175C26F8950D009B4D6B /* Alegreya-MediumItalic.ttf */; };
		CE65176926F8950D009B4D6B /* Alegreya-BoldItalic.ttf in Resources */ = {isa = PBXBuildFile; fileRef = CE65175D26F8950D009B4D6B /* Alegreya-BoldItalic.ttf */; };
		CE65176C26F8ACC4009B4D6B /* LoginViewController.swift in Sources */ = {isa = PBXBuildFile; fileRef = CE65176B26F8ACC4009B4D6B /* LoginViewController.swift */; };
		CE65176E26F8ACD1009B4D6B /* Login.storyboard in Resources */ = {isa = PBXBuildFile; fileRef = CE65176D26F8ACD1009B4D6B /* Login.storyboard */; };
		CE65262026F9C92A00161C8C /* SignUpViewController.swift in Sources */ = {isa = PBXBuildFile; fileRef = CE65261F26F9C92A00161C8C /* SignUpViewController.swift */; };
		CE65262226F9C93500161C8C /* SignUp.storyboard in Resources */ = {isa = PBXBuildFile; fileRef = CE65262126F9C93500161C8C /* SignUp.storyboard */; };
		CE69D90526FB0DDB004073EA /* MeditationTimeViewController.swift in Sources */ = {isa = PBXBuildFile; fileRef = CE69D90426FB0DDB004073EA /* MeditationTimeViewController.swift */; };
		CE69D90726FB0DEE004073EA /* MeditationTime.storyboard in Resources */ = {isa = PBXBuildFile; fileRef = CE69D90626FB0DEE004073EA /* MeditationTime.storyboard */; };
		CE69D90B26FB59D6004073EA /* SoundsViewController.swift in Sources */ = {isa = PBXBuildFile; fileRef = CE69D90A26FB59D6004073EA /* SoundsViewController.swift */; };
		CE69D90D26FB59DE004073EA /* Sounds.storyboard in Resources */ = {isa = PBXBuildFile; fileRef = CE69D90C26FB59DE004073EA /* Sounds.storyboard */; };
		CE6ACE4026FC50E500D38FF1 /* ProfileViewController.swift in Sources */ = {isa = PBXBuildFile; fileRef = CE6ACE3F26FC50E500D38FF1 /* ProfileViewController.swift */; };
		CE6ACE4226FC50F000D38FF1 /* Profile.storyboard in Resources */ = {isa = PBXBuildFile; fileRef = CE6ACE4126FC50F000D38FF1 /* Profile.storyboard */; };
		CE6ACE4C26FCA2CC00D38FF1 /* GeneralViewController.swift in Sources */ = {isa = PBXBuildFile; fileRef = CE6ACE4B26FCA2CC00D38FF1 /* GeneralViewController.swift */; };
		CE6ACE4E26FCA2D600D38FF1 /* General.storyboard in Resources */ = {isa = PBXBuildFile; fileRef = CE6ACE4D26FCA2D600D38FF1 /* General.storyboard */; };
/* End PBXBuildFile section */

/* Begin PBXFileReference section */
		1667EF00AF5583705B2682F3 /* Pods-Meditation.debug.xcconfig */ = {isa = PBXFileReference; includeInIndex = 1; lastKnownFileType = text.xcconfig; name = "Pods-Meditation.debug.xcconfig"; path = "Target Support Files/Pods-Meditation/Pods-Meditation.debug.xcconfig"; sourceTree = "<group>"; };
		7CEE0FCE9EB88EC14706D379 /* Pods_Meditation.framework */ = {isa = PBXFileReference; explicitFileType = wrapper.framework; includeInIndex = 0; path = Pods_Meditation.framework; sourceTree = BUILT_PRODUCTS_DIR; };
		CE6516F526F8550B009B4D6B /* Meditation.app */ = {isa = PBXFileReference; explicitFileType = wrapper.application; includeInIndex = 0; path = Meditation.app; sourceTree = BUILT_PRODUCTS_DIR; };
		CE6516F826F8550B009B4D6B /* AppDelegate.swift */ = {isa = PBXFileReference; lastKnownFileType = sourcecode.swift; path = AppDelegate.swift; sourceTree = "<group>"; };
		CE65170126F8550D009B4D6B /* Assets.xcassets */ = {isa = PBXFileReference; lastKnownFileType = folder.assetcatalog; path = Assets.xcassets; sourceTree = "<group>"; };
		CE65170426F8550D009B4D6B /* Base */ = {isa = PBXFileReference; lastKnownFileType = file.storyboard; name = Base; path = Base.lproj/LaunchScreen.storyboard; sourceTree = "<group>"; };
		CE65170626F8550D009B4D6B /* Info.plist */ = {isa = PBXFileReference; lastKnownFileType = text.plist.xml; path = Info.plist; sourceTree = "<group>"; };
		CE65170C26F857DC009B4D6B /* GoogleService-Info.plist */ = {isa = PBXFileReference; fileEncoding = 4; lastKnownFileType = text.plist.xml; path = "GoogleService-Info.plist"; sourceTree = "<group>"; };
		CE65171726F86251009B4D6B /* RootNavigationViewController.swift */ = {isa = PBXFileReference; lastKnownFileType = sourcecode.swift; path = RootNavigationViewController.swift; sourceTree = "<group>"; };
		CE65171A26F862D1009B4D6B /* UIViewControllerExtension.swift */ = {isa = PBXFileReference; lastKnownFileType = sourcecode.swift; path = UIViewControllerExtension.swift; sourceTree = "<group>"; };
		CE65171C26F862EB009B4D6B /* UIViewExtension.swift */ = {isa = PBXFileReference; lastKnownFileType = sourcecode.swift; path = UIViewExtension.swift; sourceTree = "<group>"; };
		CE65171E26F863F4009B4D6B /* TabBarViewController.swift */ = {isa = PBXFileReference; lastKnownFileType = sourcecode.swift; path = TabBarViewController.swift; sourceTree = "<group>"; };
		CE65172026F863FF009B4D6B /* TabBar.storyboard */ = {isa = PBXFileReference; lastKnownFileType = file.storyboard; path = TabBar.storyboard; sourceTree = "<group>"; };
		CE65172326F86763009B4D6B /* WelcomeViewController.swift */ = {isa = PBXFileReference; lastKnownFileType = sourcecode.swift; path = WelcomeViewController.swift; sourceTree = "<group>"; };
		CE65172526F8676B009B4D6B /* Welcome.storyboard */ = {isa = PBXFileReference; lastKnownFileType = file.storyboard; path = Welcome.storyboard; sourceTree = "<group>"; };
		CE65173526F894E8009B4D6B /* AlegreyaSans-Black.ttf */ = {isa = PBXFileReference; lastKnownFileType = file; path = "AlegreyaSans-Black.ttf"; sourceTree = "<group>"; };
		CE65173626F894E8009B4D6B /* AlegreyaSans-ThinItalic.ttf */ = {isa = PBXFileReference; lastKnownFileType = file; path = "AlegreyaSans-ThinItalic.ttf"; sourceTree = "<group>"; };
		CE65173726F894E9009B4D6B /* AlegreyaSans-BoldItalic.ttf */ = {isa = PBXFileReference; lastKnownFileType = file; path = "AlegreyaSans-BoldItalic.ttf"; sourceTree = "<group>"; };
		CE65173826F894E9009B4D6B /* AlegreyaSans-Medium.ttf */ = {isa = PBXFileReference; lastKnownFileType = file; path = "AlegreyaSans-Medium.ttf"; sourceTree = "<group>"; };
		CE65173926F894E9009B4D6B /* AlegreyaSans-MediumItalic.ttf */ = {isa = PBXFileReference; lastKnownFileType = file; path = "AlegreyaSans-MediumItalic.ttf"; sourceTree = "<group>"; };
		CE65173A26F894E9009B4D6B /* AlegreyaSans-BlackItalic.ttf */ = {isa = PBXFileReference; lastKnownFileType = file; path = "AlegreyaSans-BlackItalic.ttf"; sourceTree = "<group>"; };
		CE65173B26F894E9009B4D6B /* AlegreyaSans-Italic.ttf */ = {isa = PBXFileReference; lastKnownFileType = file; path = "AlegreyaSans-Italic.ttf"; sourceTree = "<group>"; };
		CE65173C26F894E9009B4D6B /* AlegreyaSans-ExtraBoldItalic.ttf */ = {isa = PBXFileReference; lastKnownFileType = file; path = "AlegreyaSans-ExtraBoldItalic.ttf"; sourceTree = "<group>"; };
		CE65173D26F894E9009B4D6B /* AlegreyaSans-ExtraBold.ttf */ = {isa = PBXFileReference; lastKnownFileType = file; path = "AlegreyaSans-ExtraBold.ttf"; sourceTree = "<group>"; };
		CE65173E26F894E9009B4D6B /* AlegreyaSans-LightItalic.ttf */ = {isa = PBXFileReference; lastKnownFileType = file; path = "AlegreyaSans-LightItalic.ttf"; sourceTree = "<group>"; };
		CE65173F26F894E9009B4D6B /* AlegreyaSans-Regular.ttf */ = {isa = PBXFileReference; lastKnownFileType = file; path = "AlegreyaSans-Regular.ttf"; sourceTree = "<group>"; };
		CE65174026F894E9009B4D6B /* AlegreyaSans-Bold.ttf */ = {isa = PBXFileReference; lastKnownFileType = file; path = "AlegreyaSans-Bold.ttf"; sourceTree = "<group>"; };
		CE65174126F894E9009B4D6B /* AlegreyaSans-Light.ttf */ = {isa = PBXFileReference; lastKnownFileType = file; path = "AlegreyaSans-Light.ttf"; sourceTree = "<group>"; };
		CE65174226F894E9009B4D6B /* AlegreyaSans-Thin.ttf */ = {isa = PBXFileReference; lastKnownFileType = file; path = "AlegreyaSans-Thin.ttf"; sourceTree = "<group>"; };
		CE65175226F8950C009B4D6B /* Alegreya-ExtraBoldItalic.ttf */ = {isa = PBXFileReference; lastKnownFileType = file; path = "Alegreya-ExtraBoldItalic.ttf"; sourceTree = "<group>"; };
		CE65175326F8950C009B4D6B /* Alegreya-ExtraBold.ttf */ = {isa = PBXFileReference; lastKnownFileType = file; path = "Alegreya-ExtraBold.ttf"; sourceTree = "<group>"; };
		CE65175426F8950C009B4D6B /* Alegreya-Black.ttf */ = {isa = PBXFileReference; lastKnownFileType = file; path = "Alegreya-Black.ttf"; sourceTree = "<group>"; };
		CE65175526F8950C009B4D6B /* Alegreya-Medium.ttf */ = {isa = PBXFileReference; lastKnownFileType = file; path = "Alegreya-Medium.ttf"; sourceTree = "<group>"; };
		CE65175626F8950C009B4D6B /* Alegreya-Regular.ttf */ = {isa = PBXFileReference; lastKnownFileType = file; path = "Alegreya-Regular.ttf"; sourceTree = "<group>"; };
		CE65175726F8950C009B4D6B /* Alegreya-Italic.ttf */ = {isa = PBXFileReference; lastKnownFileType = file; path = "Alegreya-Italic.ttf"; sourceTree = "<group>"; };
		CE65175826F8950D009B4D6B /* Alegreya-SemiBold.ttf */ = {isa = PBXFileReference; lastKnownFileType = file; path = "Alegreya-SemiBold.ttf"; sourceTree = "<group>"; };
		CE65175926F8950D009B4D6B /* Alegreya-SemiBoldItalic.ttf */ = {isa = PBXFileReference; lastKnownFileType = file; path = "Alegreya-SemiBoldItalic.ttf"; sourceTree = "<group>"; };
		CE65175A26F8950D009B4D6B /* Alegreya-BlackItalic.ttf */ = {isa = PBXFileReference; lastKnownFileType = file; path = "Alegreya-BlackItalic.ttf"; sourceTree = "<group>"; };
		CE65175B26F8950D009B4D6B /* Alegreya-Bold.ttf */ = {isa = PBXFileReference; lastKnownFileType = file; path = "Alegreya-Bold.ttf"; sourceTree = "<group>"; };
		CE65175C26F8950D009B4D6B /* Alegreya-MediumItalic.ttf */ = {isa = PBXFileReference; lastKnownFileType = file; path = "Alegreya-MediumItalic.ttf"; sourceTree = "<group>"; };
		CE65175D26F8950D009B4D6B /* Alegreya-BoldItalic.ttf */ = {isa = PBXFileReference; lastKnownFileType = file; path = "Alegreya-BoldItalic.ttf"; sourceTree = "<group>"; };
		CE65176B26F8ACC4009B4D6B /* LoginViewController.swift */ = {isa = PBXFileReference; lastKnownFileType = sourcecode.swift; path = LoginViewController.swift; sourceTree = "<group>"; };
		CE65176D26F8ACD1009B4D6B /* Login.storyboard */ = {isa = PBXFileReference; lastKnownFileType = file.storyboard; path = Login.storyboard; sourceTree = "<group>"; };
		CE65261F26F9C92A00161C8C /* SignUpViewController.swift */ = {isa = PBXFileReference; lastKnownFileType = sourcecode.swift; path = SignUpViewController.swift; sourceTree = "<group>"; };
		CE65262126F9C93500161C8C /* SignUp.storyboard */ = {isa = PBXFileReference; lastKnownFileType = file.storyboard; path = SignUp.storyboard; sourceTree = "<group>"; };
		CE69D90426FB0DDB004073EA /* MeditationTimeViewController.swift */ = {isa = PBXFileReference; lastKnownFileType = sourcecode.swift; path = MeditationTimeViewController.swift; sourceTree = "<group>"; };
		CE69D90626FB0DEE004073EA /* MeditationTime.storyboard */ = {isa = PBXFileReference; lastKnownFileType = file.storyboard; path = MeditationTime.storyboard; sourceTree = "<group>"; };
		CE69D90A26FB59D6004073EA /* SoundsViewController.swift */ = {isa = PBXFileReference; lastKnownFileType = sourcecode.swift; path = SoundsViewController.swift; sourceTree = "<group>"; };
		CE69D90C26FB59DE004073EA /* Sounds.storyboard */ = {isa = PBXFileReference; lastKnownFileType = file.storyboard; path = Sounds.storyboard; sourceTree = "<group>"; };
		CE6ACE3F26FC50E500D38FF1 /* ProfileViewController.swift */ = {isa = PBXFileReference; lastKnownFileType = sourcecode.swift; path = ProfileViewController.swift; sourceTree = "<group>"; };
		CE6ACE4126FC50F000D38FF1 /* Profile.storyboard */ = {isa = PBXFileReference; lastKnownFileType = file.storyboard; path = Profile.storyboard; sourceTree = "<group>"; };
		CE6ACE4B26FCA2CC00D38FF1 /* GeneralViewController.swift */ = {isa = PBXFileReference; lastKnownFileType = sourcecode.swift; path = GeneralViewController.swift; sourceTree = "<group>"; };
		CE6ACE4D26FCA2D600D38FF1 /* General.storyboard */ = {isa = PBXFileReference; lastKnownFileType = file.storyboard; path = General.storyboard; sourceTree = "<group>"; };
		FEC49699A0E99983BEBCBA45 /* Pods-Meditation.release.xcconfig */ = {isa = PBXFileReference; includeInIndex = 1; lastKnownFileType = text.xcconfig; name = "Pods-Meditation.release.xcconfig"; path = "Target Support Files/Pods-Meditation/Pods-Meditation.release.xcconfig"; sourceTree = "<group>"; };
/* End PBXFileReference section */

/* Begin PBXFrameworksBuildPhase section */
		CE6516F226F8550B009B4D6B /* Frameworks */ = {
			isa = PBXFrameworksBuildPhase;
			buildActionMask = 2147483647;
			files = (
				3C6F4DD0ECE860EFAF297845 /* Pods_Meditation.framework in Frameworks */,
			);
			runOnlyForDeploymentPostprocessing = 0;
		};
/* End PBXFrameworksBuildPhase section */

/* Begin PBXGroup section */
		BB2DBDD6FCA085B74077FBA4 /* Frameworks */ = {
			isa = PBXGroup;
			children = (
				7CEE0FCE9EB88EC14706D379 /* Pods_Meditation.framework */,
			);
			name = Frameworks;
			sourceTree = "<group>";
		};
		C2DE3579252951D2CEF9CE2F /* Pods */ = {
			isa = PBXGroup;
			children = (
				1667EF00AF5583705B2682F3 /* Pods-Meditation.debug.xcconfig */,
				FEC49699A0E99983BEBCBA45 /* Pods-Meditation.release.xcconfig */,
			);
			path = Pods;
			sourceTree = "<group>";
		};
		CE6516EC26F8550B009B4D6B = {
			isa = PBXGroup;
			children = (
				CE6516F726F8550B009B4D6B /* Meditation */,
				CE6516F626F8550B009B4D6B /* Products */,
				C2DE3579252951D2CEF9CE2F /* Pods */,
				BB2DBDD6FCA085B74077FBA4 /* Frameworks */,
			);
			sourceTree = "<group>";
		};
		CE6516F626F8550B009B4D6B /* Products */ = {
			isa = PBXGroup;
			children = (
				CE6516F526F8550B009B4D6B /* Meditation.app */,
			);
			name = Products;
			sourceTree = "<group>";
		};
		CE6516F726F8550B009B4D6B /* Meditation */ = {
			isa = PBXGroup;
			children = (
				CE65170C26F857DC009B4D6B /* GoogleService-Info.plist */,
				CE65170626F8550D009B4D6B /* Info.plist */,
				CE65170E26F85E11009B4D6B /* Application */,
				CE75E78F26FA3444000F758D /* Helpers */,
				CE65171026F85E7F009B4D6B /* Models */,
				CE65170F26F85E76009B4D6B /* Modules */,
				CE65171126F85E88009B4D6B /* Resources */,
				CE65171226F85E94009B4D6B /* Utils */,
			);
			path = Meditation;
			sourceTree = "<group>";
		};
		CE65170E26F85E11009B4D6B /* Application */ = {
			isa = PBXGroup;
			children = (
				CE6516F826F8550B009B4D6B /* AppDelegate.swift */,
			);
			path = Application;
			sourceTree = "<group>";
		};
		CE65170F26F85E76009B4D6B /* Modules */ = {
			isa = PBXGroup;
			children = (
				CE6ACE3E26FC50D400D38FF1 /* Profile */,
				CE69D90826FB59C2004073EA /* Sound */,
				CE69D90226FB0CBF004073EA /* Main */,
				CE65171326F85EA6009B4D6B /* Launch */,
				CE65171526F861F8009B4D6B /* Root */,
				CE65171426F85EB8009B4D6B /* SignInUp */,
			);
			path = Modules;
			sourceTree = "<group>";
		};
		CE65171026F85E7F009B4D6B /* Models */ = {
			isa = PBXGroup;
			children = (
			);
			path = Models;
			sourceTree = "<group>";
		};
		CE65171126F85E88009B4D6B /* Resources */ = {
			isa = PBXGroup;
			children = (
				CE65172726F874C4009B4D6B /* Fonts */,
				CE65170126F8550D009B4D6B /* Assets.xcassets */,
			);
			path = Resources;
			sourceTree = "<group>";
		};
		CE65171226F85E94009B4D6B /* Utils */ = {
			isa = PBXGroup;
			children = (
				CE65171926F86298009B4D6B /* Extensions */,
			);
			path = Utils;
			sourceTree = "<group>";
		};
		CE65171326F85EA6009B4D6B /* Launch */ = {
			isa = PBXGroup;
			children = (
				CE65170326F8550D009B4D6B /* LaunchScreen.storyboard */,
			);
			path = Launch;
			sourceTree = "<group>";
		};
		CE65171426F85EB8009B4D6B /* SignInUp */ = {
			isa = PBXGroup;
			children = (
				CE65261E26F9C91600161C8C /* SignUp */,
				CE65176A26F8AC99009B4D6B /* Login */,
				CE65172226F86710009B4D6B /* Welcome */,
			);
			path = SignInUp;
			sourceTree = "<group>";
		};
		CE65171526F861F8009B4D6B /* Root */ = {
			isa = PBXGroup;
			children = (
				CE65171626F86201009B4D6B /* TabBar */,
				CE65171726F86251009B4D6B /* RootNavigationViewController.swift */,
			);
			path = Root;
			sourceTree = "<group>";
		};
		CE65171626F86201009B4D6B /* TabBar */ = {
			isa = PBXGroup;
			children = (
				CE65172026F863FF009B4D6B /* TabBar.storyboard */,
				CE65171E26F863F4009B4D6B /* TabBarViewController.swift */,
			);
			path = TabBar;
			sourceTree = "<group>";
		};
		CE65171926F86298009B4D6B /* Extensions */ = {
			isa = PBXGroup;
			children = (
				CE65171A26F862D1009B4D6B /* UIViewControllerExtension.swift */,
				CE65171C26F862EB009B4D6B /* UIViewExtension.swift */,
			);
			path = Extensions;
			sourceTree = "<group>";
		};
		CE65172226F86710009B4D6B /* Welcome */ = {
			isa = PBXGroup;
			children = (
				CE65172526F8676B009B4D6B /* Welcome.storyboard */,
				CE65172326F86763009B4D6B /* WelcomeViewController.swift */,
			);
			path = Welcome;
			sourceTree = "<group>";
		};
		CE65172726F874C4009B4D6B /* Fonts */ = {
			isa = PBXGroup;
			children = (
				CE65175126F894F0009B4D6B /* Alegreya */,
				CE65173426F894C2009B4D6B /* AlegreyaSans */,
			);
			path = Fonts;
			sourceTree = "<group>";
		};
		CE65173426F894C2009B4D6B /* AlegreyaSans */ = {
			isa = PBXGroup;
			children = (
				CE65173526F894E8009B4D6B /* AlegreyaSans-Black.ttf */,
				CE65173A26F894E9009B4D6B /* AlegreyaSans-BlackItalic.ttf */,
				CE65174026F894E9009B4D6B /* AlegreyaSans-Bold.ttf */,
				CE65173726F894E9009B4D6B /* AlegreyaSans-BoldItalic.ttf */,
				CE65173D26F894E9009B4D6B /* AlegreyaSans-ExtraBold.ttf */,
				CE65173C26F894E9009B4D6B /* AlegreyaSans-ExtraBoldItalic.ttf */,
				CE65173B26F894E9009B4D6B /* AlegreyaSans-Italic.ttf */,
				CE65174126F894E9009B4D6B /* AlegreyaSans-Light.ttf */,
				CE65173E26F894E9009B4D6B /* AlegreyaSans-LightItalic.ttf */,
				CE65173826F894E9009B4D6B /* AlegreyaSans-Medium.ttf */,
				CE65173926F894E9009B4D6B /* AlegreyaSans-MediumItalic.ttf */,
				CE65173F26F894E9009B4D6B /* AlegreyaSans-Regular.ttf */,
				CE65174226F894E9009B4D6B /* AlegreyaSans-Thin.ttf */,
				CE65173626F894E8009B4D6B /* AlegreyaSans-ThinItalic.ttf */,
			);
			path = AlegreyaSans;
			sourceTree = "<group>";
		};
		CE65175126F894F0009B4D6B /* Alegreya */ = {
			isa = PBXGroup;
			children = (
				CE65175426F8950C009B4D6B /* Alegreya-Black.ttf */,
				CE65175A26F8950D009B4D6B /* Alegreya-BlackItalic.ttf */,
				CE65175B26F8950D009B4D6B /* Alegreya-Bold.ttf */,
				CE65175D26F8950D009B4D6B /* Alegreya-BoldItalic.ttf */,
				CE65175326F8950C009B4D6B /* Alegreya-ExtraBold.ttf */,
				CE65175226F8950C009B4D6B /* Alegreya-ExtraBoldItalic.ttf */,
				CE65175726F8950C009B4D6B /* Alegreya-Italic.ttf */,
				CE65175526F8950C009B4D6B /* Alegreya-Medium.ttf */,
				CE65175C26F8950D009B4D6B /* Alegreya-MediumItalic.ttf */,
				CE65175626F8950C009B4D6B /* Alegreya-Regular.ttf */,
				CE65175826F8950D009B4D6B /* Alegreya-SemiBold.ttf */,
				CE65175926F8950D009B4D6B /* Alegreya-SemiBoldItalic.ttf */,
			);
			path = Alegreya;
			sourceTree = "<group>";
		};
		CE65176A26F8AC99009B4D6B /* Login */ = {
			isa = PBXGroup;
			children = (
				CE65176D26F8ACD1009B4D6B /* Login.storyboard */,
				CE65176B26F8ACC4009B4D6B /* LoginViewController.swift */,
			);
			path = Login;
			sourceTree = "<group>";
		};
		CE65261E26F9C91600161C8C /* SignUp */ = {
			isa = PBXGroup;
			children = (
				CE65262126F9C93500161C8C /* SignUp.storyboard */,
				CE65261F26F9C92A00161C8C /* SignUpViewController.swift */,
			);
			path = SignUp;
			sourceTree = "<group>";
		};
		CE69D90226FB0CBF004073EA /* Main */ = {
			isa = PBXGroup;
			children = (
				CE6ACE4A26FCA2B700D38FF1 /* General */,
				CE69D90326FB0D69004073EA /* MeditationTime */,
			);
			path = Main;
			sourceTree = "<group>";
		};
		CE69D90326FB0D69004073EA /* MeditationTime */ = {
			isa = PBXGroup;
			children = (
				CE69D90626FB0DEE004073EA /* MeditationTime.storyboard */,
				CE69D90426FB0DDB004073EA /* MeditationTimeViewController.swift */,
			);
			path = MeditationTime;
			sourceTree = "<group>";
		};
		CE69D90826FB59C2004073EA /* Sound */ = {
			isa = PBXGroup;
			children = (
				CE69D90926FB59C9004073EA /* Sounds */,
			);
			path = Sound;
			sourceTree = "<group>";
		};
		CE69D90926FB59C9004073EA /* Sounds */ = {
			isa = PBXGroup;
			children = (
				CE69D90C26FB59DE004073EA /* Sounds.storyboard */,
				CE69D90A26FB59D6004073EA /* SoundsViewController.swift */,
			);
			path = Sounds;
			sourceTree = "<group>";
		};
		CE6ACE3E26FC50D400D38FF1 /* Profile */ = {
			isa = PBXGroup;
			children = (
				CE6ACE4126FC50F000D38FF1 /* Profile.storyboard */,
				CE6ACE3F26FC50E500D38FF1 /* ProfileViewController.swift */,
			);
			path = Profile;
			sourceTree = "<group>";
		};
		CE6ACE4A26FCA2B700D38FF1 /* General */ = {
			isa = PBXGroup;
			children = (
				CE6ACE4D26FCA2D600D38FF1 /* General.storyboard */,
				CE6ACE4B26FCA2CC00D38FF1 /* GeneralViewController.swift */,
			);
			path = General;
			sourceTree = "<group>";
		};
		CE75E78F26FA3444000F758D /* Helpers */ = {
			isa = PBXGroup;
			children = (
			);
			path = Helpers;
			sourceTree = "<group>";
		};
/* End PBXGroup section */

/* Begin PBXNativeTarget section */
		CE6516F426F8550B009B4D6B /* Meditation */ = {
			isa = PBXNativeTarget;
			buildConfigurationList = CE65170926F8550D009B4D6B /* Build configuration list for PBXNativeTarget "Meditation" */;
			buildPhases = (
				3D883AE22E6B0602C9D8379C /* [CP] Check Pods Manifest.lock */,
				CE6516F126F8550B009B4D6B /* Sources */,
				CE6516F226F8550B009B4D6B /* Frameworks */,
				CE6516F326F8550B009B4D6B /* Resources */,
				21C5330397DAED0AAA51D776 /* [CP] Embed Pods Frameworks */,
			);
			buildRules = (
			);
			dependencies = (
			);
			name = Meditation;
			productName = Meditation;
			productReference = CE6516F526F8550B009B4D6B /* Meditation.app */;
			productType = "com.apple.product-type.application";
		};
/* End PBXNativeTarget section */

/* Begin PBXProject section */
		CE6516ED26F8550B009B4D6B /* Project object */ = {
			isa = PBXProject;
			attributes = {
				BuildIndependentTargetsInParallel = 1;
				LastSwiftUpdateCheck = 1300;
				LastUpgradeCheck = 1300;
				TargetAttributes = {
					CE6516F426F8550B009B4D6B = {
						CreatedOnToolsVersion = 13.0;
					};
				};
			};
			buildConfigurationList = CE6516F026F8550B009B4D6B /* Build configuration list for PBXProject "Meditation" */;
			compatibilityVersion = "Xcode 13.0";
			developmentRegion = en;
			hasScannedForEncodings = 0;
			knownRegions = (
				en,
				Base,
			);
			mainGroup = CE6516EC26F8550B009B4D6B;
			productRefGroup = CE6516F626F8550B009B4D6B /* Products */;
			projectDirPath = "";
			projectRoot = "";
			targets = (
				CE6516F426F8550B009B4D6B /* Meditation */,
			);
		};
/* End PBXProject section */

/* Begin PBXResourcesBuildPhase section */
		CE6516F326F8550B009B4D6B /* Resources */ = {
			isa = PBXResourcesBuildPhase;
			buildActionMask = 2147483647;
			files = (
				CE65176E26F8ACD1009B4D6B /* Login.storyboard in Resources */,
				CE65176326F8950D009B4D6B /* Alegreya-Italic.ttf in Resources */,
				CE65176926F8950D009B4D6B /* Alegreya-BoldItalic.ttf in Resources */,
				CE65174926F894E9009B4D6B /* AlegreyaSans-Italic.ttf in Resources */,
				CE6ACE4E26FCA2D600D38FF1 /* General.storyboard in Resources */,
				CE65172126F863FF009B4D6B /* TabBar.storyboard in Resources */,
				CE65176026F8950D009B4D6B /* Alegreya-Black.ttf in Resources */,
				CE6ACE4226FC50F000D38FF1 /* Profile.storyboard in Resources */,
				CE65174C26F894E9009B4D6B /* AlegreyaSans-LightItalic.ttf in Resources */,
				CE65176826F8950D009B4D6B /* Alegreya-MediumItalic.ttf in Resources */,
				CE65174526F894E9009B4D6B /* AlegreyaSans-BoldItalic.ttf in Resources */,
				CE65176726F8950D009B4D6B /* Alegreya-Bold.ttf in Resources */,
				CE65174F26F894E9009B4D6B /* AlegreyaSans-Light.ttf in Resources */,
				CE65174A26F894E9009B4D6B /* AlegreyaSans-ExtraBoldItalic.ttf in Resources */,
				CE65176226F8950D009B4D6B /* Alegreya-Regular.ttf in Resources */,
				CE65170526F8550D009B4D6B /* LaunchScreen.storyboard in Resources */,
				CE65262226F9C93500161C8C /* SignUp.storyboard in Resources */,
				CE65175026F894E9009B4D6B /* AlegreyaSans-Thin.ttf in Resources */,
				CE65174726F894E9009B4D6B /* AlegreyaSans-MediumItalic.ttf in Resources */,
				CE65175E26F8950D009B4D6B /* Alegreya-ExtraBoldItalic.ttf in Resources */,
				CE65174326F894E9009B4D6B /* AlegreyaSans-Black.ttf in Resources */,
				CE69D90726FB0DEE004073EA /* MeditationTime.storyboard in Resources */,
				CE65176526F8950D009B4D6B /* Alegreya-SemiBoldItalic.ttf in Resources */,
				CE65176426F8950D009B4D6B /* Alegreya-SemiBold.ttf in Resources */,
				CE65174D26F894E9009B4D6B /* AlegreyaSans-Regular.ttf in Resources */,
				CE65174426F894E9009B4D6B /* AlegreyaSans-ThinItalic.ttf in Resources */,
				CE65176126F8950D009B4D6B /* Alegreya-Medium.ttf in Resources */,
				CE65174626F894E9009B4D6B /* AlegreyaSans-Medium.ttf in Resources */,
				CE69D90D26FB59DE004073EA /* Sounds.storyboard in Resources */,
				CE65170D26F857DC009B4D6B /* GoogleService-Info.plist in Resources */,
				CE65174B26F894E9009B4D6B /* AlegreyaSans-ExtraBold.ttf in Resources */,
				CE65170226F8550D009B4D6B /* Assets.xcassets in Resources */,
				CE65175F26F8950D009B4D6B /* Alegreya-ExtraBold.ttf in Resources */,
				CE65172626F8676B009B4D6B /* Welcome.storyboard in Resources */,
				CE65174E26F894E9009B4D6B /* AlegreyaSans-Bold.ttf in Resources */,
				CE65174826F894E9009B4D6B /* AlegreyaSans-BlackItalic.ttf in Resources */,
				CE65176626F8950D009B4D6B /* Alegreya-BlackItalic.ttf in Resources */,
			);
			runOnlyForDeploymentPostprocessing = 0;
		};
/* End PBXResourcesBuildPhase section */

/* Begin PBXShellScriptBuildPhase section */
		21C5330397DAED0AAA51D776 /* [CP] Embed Pods Frameworks */ = {
			isa = PBXShellScriptBuildPhase;
			buildActionMask = 2147483647;
			files = (
			);
			inputFileListPaths = (
				"${PODS_ROOT}/Target Support Files/Pods-Meditation/Pods-Meditation-frameworks-${CONFIGURATION}-input-files.xcfilelist",
			);
			name = "[CP] Embed Pods Frameworks";
			outputFileListPaths = (
				"${PODS_ROOT}/Target Support Files/Pods-Meditation/Pods-Meditation-frameworks-${CONFIGURATION}-output-files.xcfilelist",
			);
			runOnlyForDeploymentPostprocessing = 0;
			shellPath = /bin/sh;
			shellScript = "\"${PODS_ROOT}/Target Support Files/Pods-Meditation/Pods-Meditation-frameworks.sh\"\n";
			showEnvVarsInLog = 0;
		};
		3D883AE22E6B0602C9D8379C /* [CP] Check Pods Manifest.lock */ = {
			isa = PBXShellScriptBuildPhase;
			buildActionMask = 2147483647;
			files = (
			);
			inputFileListPaths = (
			);
			inputPaths = (
				"${PODS_PODFILE_DIR_PATH}/Podfile.lock",
				"${PODS_ROOT}/Manifest.lock",
			);
			name = "[CP] Check Pods Manifest.lock";
			outputFileListPaths = (
			);
			outputPaths = (
				"$(DERIVED_FILE_DIR)/Pods-Meditation-checkManifestLockResult.txt",
			);
			runOnlyForDeploymentPostprocessing = 0;
			shellPath = /bin/sh;
			shellScript = "diff \"${PODS_PODFILE_DIR_PATH}/Podfile.lock\" \"${PODS_ROOT}/Manifest.lock\" > /dev/null\nif [ $? != 0 ] ; then\n    # print error to STDERR\n    echo \"error: The sandbox is not in sync with the Podfile.lock. Run 'pod install' or update your CocoaPods installation.\" >&2\n    exit 1\nfi\n# This output is used by Xcode 'outputs' to avoid re-running this script phase.\necho \"SUCCESS\" > \"${SCRIPT_OUTPUT_FILE_0}\"\n";
			showEnvVarsInLog = 0;
		};
/* End PBXShellScriptBuildPhase section */

/* Begin PBXSourcesBuildPhase section */
		CE6516F126F8550B009B4D6B /* Sources */ = {
			isa = PBXSourcesBuildPhase;
			buildActionMask = 2147483647;
			files = (
				CE65176C26F8ACC4009B4D6B /* LoginViewController.swift in Sources */,
				CE65171D26F862EB009B4D6B /* UIViewExtension.swift in Sources */,
				CE69D90B26FB59D6004073EA /* SoundsViewController.swift in Sources */,
				CE6ACE4C26FCA2CC00D38FF1 /* GeneralViewController.swift in Sources */,
				CE65262026F9C92A00161C8C /* SignUpViewController.swift in Sources */,
				CE65171B26F862D1009B4D6B /* UIViewControllerExtension.swift in Sources */,
				CE65171826F86251009B4D6B /* RootNavigationViewController.swift in Sources */,
				CE6ACE4026FC50E500D38FF1 /* ProfileViewController.swift in Sources */,
				CE65171F26F863F4009B4D6B /* TabBarViewController.swift in Sources */,
				CE69D90526FB0DDB004073EA /* MeditationTimeViewController.swift in Sources */,
				CE6516F926F8550B009B4D6B /* AppDelegate.swift in Sources */,
				CE65172426F86763009B4D6B /* WelcomeViewController.swift in Sources */,
			);
			runOnlyForDeploymentPostprocessing = 0;
		};
/* End PBXSourcesBuildPhase section */

/* Begin PBXVariantGroup section */
		CE65170326F8550D009B4D6B /* LaunchScreen.storyboard */ = {
			isa = PBXVariantGroup;
			children = (
				CE65170426F8550D009B4D6B /* Base */,
			);
			name = LaunchScreen.storyboard;
			sourceTree = "<group>";
		};
/* End PBXVariantGroup section */

/* Begin XCBuildConfiguration section */
		CE65170726F8550D009B4D6B /* Debug */ = {
			isa = XCBuildConfiguration;
			buildSettings = {
				ALWAYS_SEARCH_USER_PATHS = NO;
				CLANG_ANALYZER_NONNULL = YES;
				CLANG_ANALYZER_NUMBER_OBJECT_CONVERSION = YES_AGGRESSIVE;
				CLANG_CXX_LANGUAGE_STANDARD = "gnu++17";
				CLANG_CXX_LIBRARY = "libc++";
				CLANG_ENABLE_MODULES = YES;
				CLANG_ENABLE_OBJC_ARC = YES;
				CLANG_ENABLE_OBJC_WEAK = YES;
				CLANG_WARN_BLOCK_CAPTURE_AUTORELEASING = YES;
				CLANG_WARN_BOOL_CONVERSION = YES;
				CLANG_WARN_COMMA = YES;
				CLANG_WARN_CONSTANT_CONVERSION = YES;
				CLANG_WARN_DEPRECATED_OBJC_IMPLEMENTATIONS = YES;
				CLANG_WARN_DIRECT_OBJC_ISA_USAGE = YES_ERROR;
				CLANG_WARN_DOCUMENTATION_COMMENTS = YES;
				CLANG_WARN_EMPTY_BODY = YES;
				CLANG_WARN_ENUM_CONVERSION = YES;
				CLANG_WARN_INFINITE_RECURSION = YES;
				CLANG_WARN_INT_CONVERSION = YES;
				CLANG_WARN_NON_LITERAL_NULL_CONVERSION = YES;
				CLANG_WARN_OBJC_IMPLICIT_RETAIN_SELF = YES;
				CLANG_WARN_OBJC_LITERAL_CONVERSION = YES;
				CLANG_WARN_OBJC_ROOT_CLASS = YES_ERROR;
				CLANG_WARN_QUOTED_INCLUDE_IN_FRAMEWORK_HEADER = YES;
				CLANG_WARN_RANGE_LOOP_ANALYSIS = YES;
				CLANG_WARN_STRICT_PROTOTYPES = YES;
				CLANG_WARN_SUSPICIOUS_MOVE = YES;
				CLANG_WARN_UNGUARDED_AVAILABILITY = YES_AGGRESSIVE;
				CLANG_WARN_UNREACHABLE_CODE = YES;
				CLANG_WARN__DUPLICATE_METHOD_MATCH = YES;
				COPY_PHASE_STRIP = NO;
				DEBUG_INFORMATION_FORMAT = dwarf;
				ENABLE_STRICT_OBJC_MSGSEND = YES;
				ENABLE_TESTABILITY = YES;
				GCC_C_LANGUAGE_STANDARD = gnu11;
				GCC_DYNAMIC_NO_PIC = NO;
				GCC_NO_COMMON_BLOCKS = YES;
				GCC_OPTIMIZATION_LEVEL = 0;
				GCC_PREPROCESSOR_DEFINITIONS = (
					"DEBUG=1",
					"$(inherited)",
				);
				GCC_WARN_64_TO_32_BIT_CONVERSION = YES;
				GCC_WARN_ABOUT_RETURN_TYPE = YES_ERROR;
				GCC_WARN_UNDECLARED_SELECTOR = YES;
				GCC_WARN_UNINITIALIZED_AUTOS = YES_AGGRESSIVE;
				GCC_WARN_UNUSED_FUNCTION = YES;
				GCC_WARN_UNUSED_VARIABLE = YES;
				IPHONEOS_DEPLOYMENT_TARGET = 15.0;
				MTL_ENABLE_DEBUG_INFO = INCLUDE_SOURCE;
				MTL_FAST_MATH = YES;
				ONLY_ACTIVE_ARCH = YES;
				SDKROOT = iphoneos;
				SWIFT_ACTIVE_COMPILATION_CONDITIONS = DEBUG;
				SWIFT_OPTIMIZATION_LEVEL = "-Onone";
			};
			name = Debug;
		};
		CE65170826F8550D009B4D6B /* Release */ = {
			isa = XCBuildConfiguration;
			buildSettings = {
				ALWAYS_SEARCH_USER_PATHS = NO;
				CLANG_ANALYZER_NONNULL = YES;
				CLANG_ANALYZER_NUMBER_OBJECT_CONVERSION = YES_AGGRESSIVE;
				CLANG_CXX_LANGUAGE_STANDARD = "gnu++17";
				CLANG_CXX_LIBRARY = "libc++";
				CLANG_ENABLE_MODULES = YES;
				CLANG_ENABLE_OBJC_ARC = YES;
				CLANG_ENABLE_OBJC_WEAK = YES;
				CLANG_WARN_BLOCK_CAPTURE_AUTORELEASING = YES;
				CLANG_WARN_BOOL_CONVERSION = YES;
				CLANG_WARN_COMMA = YES;
				CLANG_WARN_CONSTANT_CONVERSION = YES;
				CLANG_WARN_DEPRECATED_OBJC_IMPLEMENTATIONS = YES;
				CLANG_WARN_DIRECT_OBJC_ISA_USAGE = YES_ERROR;
				CLANG_WARN_DOCUMENTATION_COMMENTS = YES;
				CLANG_WARN_EMPTY_BODY = YES;
				CLANG_WARN_ENUM_CONVERSION = YES;
				CLANG_WARN_INFINITE_RECURSION = YES;
				CLANG_WARN_INT_CONVERSION = YES;
				CLANG_WARN_NON_LITERAL_NULL_CONVERSION = YES;
				CLANG_WARN_OBJC_IMPLICIT_RETAIN_SELF = YES;
				CLANG_WARN_OBJC_LITERAL_CONVERSION = YES;
				CLANG_WARN_OBJC_ROOT_CLASS = YES_ERROR;
				CLANG_WARN_QUOTED_INCLUDE_IN_FRAMEWORK_HEADER = YES;
				CLANG_WARN_RANGE_LOOP_ANALYSIS = YES;
				CLANG_WARN_STRICT_PROTOTYPES = YES;
				CLANG_WARN_SUSPICIOUS_MOVE = YES;
				CLANG_WARN_UNGUARDED_AVAILABILITY = YES_AGGRESSIVE;
				CLANG_WARN_UNREACHABLE_CODE = YES;
				CLANG_WARN__DUPLICATE_METHOD_MATCH = YES;
				COPY_PHASE_STRIP = NO;
				DEBUG_INFORMATION_FORMAT = "dwarf-with-dsym";
				ENABLE_NS_ASSERTIONS = NO;
				ENABLE_STRICT_OBJC_MSGSEND = YES;
				GCC_C_LANGUAGE_STANDARD = gnu11;
				GCC_NO_COMMON_BLOCKS = YES;
				GCC_WARN_64_TO_32_BIT_CONVERSION = YES;
				GCC_WARN_ABOUT_RETURN_TYPE = YES_ERROR;
				GCC_WARN_UNDECLARED_SELECTOR = YES;
				GCC_WARN_UNINITIALIZED_AUTOS = YES_AGGRESSIVE;
				GCC_WARN_UNUSED_FUNCTION = YES;
				GCC_WARN_UNUSED_VARIABLE = YES;
				IPHONEOS_DEPLOYMENT_TARGET = 15.0;
				MTL_ENABLE_DEBUG_INFO = NO;
				MTL_FAST_MATH = YES;
				SDKROOT = iphoneos;
				SWIFT_COMPILATION_MODE = wholemodule;
				SWIFT_OPTIMIZATION_LEVEL = "-O";
				VALIDATE_PRODUCT = YES;
			};
			name = Release;
		};
		CE65170A26F8550D009B4D6B /* Debug */ = {
			isa = XCBuildConfiguration;
			baseConfigurationReference = 1667EF00AF5583705B2682F3 /* Pods-Meditation.debug.xcconfig */;
			buildSettings = {
				ASSETCATALOG_COMPILER_APPICON_NAME = AppIcon;
				ASSETCATALOG_COMPILER_GLOBAL_ACCENT_COLOR_NAME = AccentColor;
				CODE_SIGN_STYLE = Automatic;
				CURRENT_PROJECT_VERSION = 1;
				DEVELOPMENT_TEAM = 65CGDLNXGP;
				GENERATE_INFOPLIST_FILE = YES;
				INFOPLIST_FILE = Meditation/Info.plist;
				INFOPLIST_KEY_UIApplicationSupportsIndirectInputEvents = YES;
				INFOPLIST_KEY_UILaunchStoryboardName = LaunchScreen;
				INFOPLIST_KEY_UIMainStoryboardFile = Welcome;
				INFOPLIST_KEY_UISupportedInterfaceOrientations = UIInterfaceOrientationPortrait;
				INFOPLIST_KEY_UISupportedInterfaceOrientations_iPad = "UIInterfaceOrientationPortrait UIInterfaceOrientationPortraitUpsideDown UIInterfaceOrientationLandscapeLeft UIInterfaceOrientationLandscapeRight";
				INFOPLIST_KEY_UISupportedInterfaceOrientations_iPhone = "UIInterfaceOrientationPortrait UIInterfaceOrientationLandscapeLeft UIInterfaceOrientationLandscapeRight";
				IPHONEOS_DEPLOYMENT_TARGET = 13.0;
				LD_RUNPATH_SEARCH_PATHS = (
					"$(inherited)",
					"@executable_path/Frameworks",
				);
				MARKETING_VERSION = 1.0;
				PRODUCT_BUNDLE_IDENTIFIER = com.boltromyuk.Meditation;
				PRODUCT_NAME = "$(TARGET_NAME)";
				SWIFT_EMIT_LOC_STRINGS = YES;
				SWIFT_VERSION = 5.0;
				TARGETED_DEVICE_FAMILY = 1;
			};
			name = Debug;
		};
		CE65170B26F8550D009B4D6B /* Release */ = {
			isa = XCBuildConfiguration;
			baseConfigurationReference = FEC49699A0E99983BEBCBA45 /* Pods-Meditation.release.xcconfig */;
			buildSettings = {
				ASSETCATALOG_COMPILER_APPICON_NAME = AppIcon;
				ASSETCATALOG_COMPILER_GLOBAL_ACCENT_COLOR_NAME = AccentColor;
				CODE_SIGN_STYLE = Automatic;
				CURRENT_PROJECT_VERSION = 1;
				DEVELOPMENT_TEAM = 65CGDLNXGP;
				GENERATE_INFOPLIST_FILE = YES;
				INFOPLIST_FILE = Meditation/Info.plist;
				INFOPLIST_KEY_UIApplicationSupportsIndirectInputEvents = YES;
				INFOPLIST_KEY_UILaunchStoryboardName = LaunchScreen;
				INFOPLIST_KEY_UIMainStoryboardFile = Welcome;
				INFOPLIST_KEY_UISupportedInterfaceOrientations = UIInterfaceOrientationPortrait;
				INFOPLIST_KEY_UISupportedInterfaceOrientations_iPad = "UIInterfaceOrientationPortrait UIInterfaceOrientationPortraitUpsideDown UIInterfaceOrientationLandscapeLeft UIInterfaceOrientationLandscapeRight";
				INFOPLIST_KEY_UISupportedInterfaceOrientations_iPhone = "UIInterfaceOrientationPortrait UIInterfaceOrientationLandscapeLeft UIInterfaceOrientationLandscapeRight";
				IPHONEOS_DEPLOYMENT_TARGET = 13.0;
				LD_RUNPATH_SEARCH_PATHS = (
					"$(inherited)",
					"@executable_path/Frameworks",
				);
				MARKETING_VERSION = 1.0;
				PRODUCT_BUNDLE_IDENTIFIER = com.boltromyuk.Meditation;
				PRODUCT_NAME = "$(TARGET_NAME)";
				SWIFT_EMIT_LOC_STRINGS = YES;
				SWIFT_VERSION = 5.0;
				TARGETED_DEVICE_FAMILY = 1;
			};
			name = Release;
		};
/* End XCBuildConfiguration section */

/* Begin XCConfigurationList section */
		CE6516F026F8550B009B4D6B /* Build configuration list for PBXProject "Meditation" */ = {
			isa = XCConfigurationList;
			buildConfigurations = (
				CE65170726F8550D009B4D6B /* Debug */,
				CE65170826F8550D009B4D6B /* Release */,
			);
			defaultConfigurationIsVisible = 0;
			defaultConfigurationName = Release;
		};
		CE65170926F8550D009B4D6B /* Build configuration list for PBXNativeTarget "Meditation" */ = {
			isa = XCConfigurationList;
			buildConfigurations = (
				CE65170A26F8550D009B4D6B /* Debug */,
				CE65170B26F8550D009B4D6B /* Release */,
			);
			defaultConfigurationIsVisible = 0;
			defaultConfigurationName = Release;
		};
/* End XCConfigurationList section */
	};
	rootObject = CE6516ED26F8550B009B4D6B /* Project object */;
}
